
Microsoft Visual Studio Solution File, Format Version 12.00
# Visual Studio Version 17
VisualStudioVersion = 17.5.002.0
MinimumVisualStudioVersion = 10.0.40219.1
Project("{9A19103F-16F7-4668-BE54-9A1E7A4F7556}") = "Learning Syntax", "Learning Syntax.csproj", "{98CD83CB-8688-4229-902A-43074F97DEAD}"
EndProject
Global
	GlobalSection(SolutionConfigurationPlatforms) = preSolution
		Debug|Any CPU = Debug|Any CPU
		Release|Any CPU = Release|Any CPU
	EndGlobalSection
	GlobalSection(ProjectConfigurationPlatforms) = postSolution
		{98CD83CB-8688-4229-902A-43074F97DEAD}.Debug|Any CPU.ActiveCfg = Debug|Any CPU
		{98CD83CB-8688-4229-902A-43074F97DEAD}.Debug|Any CPU.Build.0 = Debug|Any CPU
		{98CD83CB-8688-4229-902A-43074F97DEAD}.Release|Any CPU.ActiveCfg = Release|Any CPU
		{98CD83CB-8688-4229-902A-43074F97DEAD}.Release|Any CPU.Build.0 = Release|Any CPU
	EndGlobalSection
	GlobalSection(SolutionProperties) = preSolution
		HideSolutionNode = FALSE
	EndGlobalSection
	GlobalSection(ExtensibilityGlobals) = postSolution
		SolutionGuid = {AC78A39C-352E-4AD7-8199-514F37C61E01}
	EndGlobalSection
EndGlobal
